
Microsoft Visual Studio Solution File, Format Version 12.00
# Visual Studio Version 17
VisualStudioVersion = 17.14.36518.9
MinimumVisualStudioVersion = 10.0.40219.1
Project("{FAE04EC0-301F-11D3-BF4B-00C04F79EFBC}") = "FirstCodeLab", "FirstCodeLab\FirstCodeLab.csproj", "{CE886C6E-EF55-4CE6-AFC5-247B7647C3C3}"
EndProject
Project("{FAE04EC0-301F-11D3-BF4B-00C04F79EFBC}") = "FirstCodeLab.DB", "FirstCodeLab.DB\FirstCodeLab.DB.csproj", "{C690F721-13BF-47F9-A86D-09D73E5C401E}"
EndProject
Global
	GlobalSection(SolutionConfigurationPlatforms) = preSolution
		Debug|Any CPU = Debug|Any CPU
		Release|Any CPU = Release|Any CPU
	EndGlobalSection
	GlobalSection(ProjectConfigurationPlatforms) = postSolution
		{CE886C6E-EF55-4CE6-AFC5-247B7647C3C3}.Debug|Any CPU.ActiveCfg = Debug|Any CPU
		{CE886C6E-EF55-4CE6-AFC5-247B7647C3C3}.Debug|Any CPU.Build.0 = Debug|Any CPU
		{CE886C6E-EF55-4CE6-AFC5-247B7647C3C3}.Release|Any CPU.ActiveCfg = Release|Any CPU
		{CE886C6E-EF55-4CE6-AFC5-247B7647C3C3}.Release|Any CPU.Build.0 = Release|Any CPU
		{C690F721-13BF-47F9-A86D-09D73E5C401E}.Debug|Any CPU.ActiveCfg = Debug|Any CPU
		{C690F721-13BF-47F9-A86D-09D73E5C401E}.Debug|Any CPU.Build.0 = Debug|Any CPU
		{C690F721-13BF-47F9-A86D-09D73E5C401E}.Release|Any CPU.ActiveCfg = Release|Any CPU
		{C690F721-13BF-47F9-A86D-09D73E5C401E}.Release|Any CPU.Build.0 = Release|Any CPU
	EndGlobalSection
	GlobalSection(SolutionProperties) = preSolution
		HideSolutionNode = FALSE
	EndGlobalSection
	GlobalSection(ExtensibilityGlobals) = postSolution
		SolutionGuid = {AC0D7EAB-55E9-432E-A42E-125C95F7FDA3}
	EndGlobalSection
EndGlobal
